<?xml version="1.0" encoding="utf-8"?>
<Project ToolsVersion="4.0" xmlns="http://schemas.microsoft.com/developer/msbuild/2003">
  <ItemGroup>
    <Filter Include="Source Files">
      <UniqueIdentifier>{4FC737F1-C7A5-4376-A066-2A32D752A2FF}</UniqueIdentifier>
      <Extensions>cpp;c;cc;cxx;def;odl;idl;hpj;bat;asm;asmx</Extensions>
    </Filter>
    <Filter Include="Header Files">
      <UniqueIdentifier>{93995380-89BD-4b04-88EB-625FBE52EBFB}</UniqueIdentifier>
      <Extensions>h;hpp;hxx;hm;inl;inc;xsd</Extensions>
    </Filter>
    <Filter Include="Resource Files">
      <UniqueIdentifier>{67DA6AB6-F800-4c08-8B7A-83BB121AAD01}</UniqueIdentifier>
      <Extensions>rc;ico;cur;bmp;dlg;rc2;rct;bin;rgs;gif;jpg;jpeg;jpe;resx;tiff;tif;png;wav;mfcribbon-ms</Extensions>
    </Filter>
  </ItemGroup>
  <ItemGroup>
    <ClInclude Include="gspmining.h">
      <Filter>Header Files</Filter>
    </ClInclude>
    <ClInclude Include="gspsystem.h">
      <Filter>Header Files</Filter>
    </ClInclude>
    <ClInclude Include="constdefine.h">
      <Filter>Header Files</Filter>
    </ClInclude>
    <ClInclude Include="clocktime.h">
      <Filter>Header Files</Filter>
    </ClInclude>
    <ClInclude Include="gspmheader.h">
      <Filter>Header Files</Filter>
    </ClInclude>
    <ClInclude Include="payload.h">
      <Filter>Header Files</Filter>
    </ClInclude>
    <ClInclude Include="osbase.h">
      <Filter>Header Files</Filter>
    </ClInclude>
    <ClInclude Include="element.h">
      <Filter>Header Files</Filter>
    </ClInclude>
    <ClInclude Include="audit.h">
      <Filter>Header Files</Filter>
    </ClInclude>
    <ClInclude Include="stdcommonheader.h">
      <Filter>Header Files</Filter>
    </ClInclude>
    <ClInclude Include="utilityfunc.h">
      <Filter>Header Files</Filter>
    </ClInclude>
    <ClInclude Include="fragment.h">
      <Filter>Header Files</Filter>
    </ClInclude>
    <ClInclude Include="rule.h">
      <Filter>Header Files</Filter>
    </ClInclude>
    <ClInclude Include="layer.h">
      <Filter>Header Files</Filter>
    </ClInclude>
    <ClInclude Include="signature.h">
      <Filter>Header Files</Filter>
    </ClInclude>
    <ClInclude Include="getopt.h">
      <Filter>Header Files</Filter>
    </ClInclude>
    <ClInclude Include="comoption.h">
      <Filter>Header Files</Filter>
    </ClInclude>
    <ClInclude Include="pack.h">
      <Filter>Header Files</Filter>
    </ClInclude>
    <ClInclude Include="evaluate.h">
      <Filter>Header Files</Filter>
    </ClInclude>
  </ItemGroup>
  <ItemGroup>
    <ClCompile Include="gspmining.cpp">
      <Filter>Source Files</Filter>
    </ClCompile>
    <ClCompile Include="gspsystem.cpp">
      <Filter>Source Files</Filter>
    </ClCompile>
    <ClCompile Include="main.cpp">
      <Filter>Source Files</Filter>
    </ClCompile>
    <ClCompile Include="clocktime.cpp">
      <Filter>Source Files</Filter>
    </ClCompile>
    <ClCompile Include="payload.cpp">
      <Filter>Source Files</Filter>
    </ClCompile>
    <ClCompile Include="osbase.cpp">
      <Filter>Source Files</Filter>
    </ClCompile>
    <ClCompile Include="element.cpp">
      <Filter>Source Files</Filter>
    </ClCompile>
    <ClCompile Include="audit.cpp">
      <Filter>Source Files</Filter>
    </ClCompile>
    <ClCompile Include="utilityfunc.cpp">
      <Filter>Source Files</Filter>
    </ClCompile>
    <ClCompile Include="fragment.cpp">
      <Filter>Source Files</Filter>
    </ClCompile>
    <ClCompile Include="rule.cpp">
      <Filter>Source Files</Filter>
    </ClCompile>
    <ClCompile Include="layer.cpp">
      <Filter>Source Files</Filter>
    </ClCompile>
    <ClCompile Include="signature.cpp">
      <Filter>Source Files</Filter>
    </ClCompile>
    <ClCompile Include="getopt.cpp">
      <Filter>Source Files</Filter>
    </ClCompile>
    <ClCompile Include="comoption.cpp">
      <Filter>Source Files</Filter>
    </ClCompile>
    <ClCompile Include="pack.cpp">
      <Filter>Source Files</Filter>
    </ClCompile>
    <ClCompile Include="evaluate.cpp">
      <Filter>Source Files</Filter>
    </ClCompile>
    <ClCompile Include="report.cpp">
      <Filter>Source Files</Filter>
    </ClCompile>
  </ItemGroup>
</Project>